
Microsoft Visual Studio Solution File, Format Version 12.00
# Visual Studio Version 17
VisualStudioVersion = 17.3.32819.101
MinimumVisualStudioVersion = 10.0.40219.1
Project("{9A19103F-16F7-4668-BE54-9A1E7A4F7556}") = "EmptyWebAbp", "EmptyWebAbp\EmptyWebAbp.csproj", "{B44D485B-467B-4A68-A376-F462E165AAEB}"
EndProject
Project("{2150E333-8FDC-42A3-9474-1A3956D46DE8}") = "SharedModules", "SharedModules", "{68F2FFEE-E6F1-4B92-81B0-B492424E2954}"
EndProject
Project("{FAE04EC0-301F-11D3-BF4B-00C04F79EFBC}") = "JWTAuthentication", "JWTAuthenticationModule\JWTAuthentication.csproj", "{EA557532-CAE9-43AE-A450-029B5547E3F6}"
EndProject
Global
	GlobalSection(SolutionConfigurationPlatforms) = preSolution
		Debug|Any CPU = Debug|Any CPU
		Release|Any CPU = Release|Any CPU
	EndGlobalSection
	GlobalSection(ProjectConfigurationPlatforms) = postSolution
		{B44D485B-467B-4A68-A376-F462E165AAEB}.Debug|Any CPU.ActiveCfg = Debug|Any CPU
		{B44D485B-467B-4A68-A376-F462E165AAEB}.Debug|Any CPU.Build.0 = Debug|Any CPU
		{B44D485B-467B-4A68-A376-F462E165AAEB}.Release|Any CPU.ActiveCfg = Release|Any CPU
		{B44D485B-467B-4A68-A376-F462E165AAEB}.Release|Any CPU.Build.0 = Release|Any CPU
		{EA557532-CAE9-43AE-A450-029B5547E3F6}.Debug|Any CPU.ActiveCfg = Debug|Any CPU
		{EA557532-CAE9-43AE-A450-029B5547E3F6}.Debug|Any CPU.Build.0 = Debug|Any CPU
		{EA557532-CAE9-43AE-A450-029B5547E3F6}.Release|Any CPU.ActiveCfg = Release|Any CPU
		{EA557532-CAE9-43AE-A450-029B5547E3F6}.Release|Any CPU.Build.0 = Release|Any CPU
	EndGlobalSection
	GlobalSection(SolutionProperties) = preSolution
		HideSolutionNode = FALSE
	EndGlobalSection
	GlobalSection(NestedProjects) = preSolution
		{EA557532-CAE9-43AE-A450-029B5547E3F6} = {68F2FFEE-E6F1-4B92-81B0-B492424E2954}
	EndGlobalSection
	GlobalSection(ExtensibilityGlobals) = postSolution
		SolutionGuid = {CB066532-8A26-45DE-B3FD-84240793606D}
	EndGlobalSection
EndGlobal
