
Microsoft Visual Studio Solution File, Format Version 12.00
# Visual Studio Version 17
VisualStudioVersion = 17.3.32819.101
MinimumVisualStudioVersion = 10.0.40219.1
Project("{9A19103F-16F7-4668-BE54-9A1E7A4F7556}") = "ConsoleAmazing", "ConsoleAmazing\ConsoleAmazing.csproj", "{CE31E9B2-DAA7-484F-A6B7-E1EBE0B037C5}"
EndProject
Project("{FAE04EC0-301F-11D3-BF4B-00C04F79EFBC}") = "cqt", "cqt\cqt.csproj", "{E5A24A91-9778-4380-8E07-67D95C4FB11C}"
EndProject
Global
	GlobalSection(SolutionConfigurationPlatforms) = preSolution
		Debug|Any CPU = Debug|Any CPU
		Release|Any CPU = Release|Any CPU
	EndGlobalSection
	GlobalSection(ProjectConfigurationPlatforms) = postSolution
		{CE31E9B2-DAA7-484F-A6B7-E1EBE0B037C5}.Debug|Any CPU.ActiveCfg = Debug|Any CPU
		{CE31E9B2-DAA7-484F-A6B7-E1EBE0B037C5}.Debug|Any CPU.Build.0 = Debug|Any CPU
		{CE31E9B2-DAA7-484F-A6B7-E1EBE0B037C5}.Release|Any CPU.ActiveCfg = Release|Any CPU
		{CE31E9B2-DAA7-484F-A6B7-E1EBE0B037C5}.Release|Any CPU.Build.0 = Release|Any CPU
		{E5A24A91-9778-4380-8E07-67D95C4FB11C}.Debug|Any CPU.ActiveCfg = Debug|Any CPU
		{E5A24A91-9778-4380-8E07-67D95C4FB11C}.Debug|Any CPU.Build.0 = Debug|Any CPU
		{E5A24A91-9778-4380-8E07-67D95C4FB11C}.Release|Any CPU.ActiveCfg = Release|Any CPU
		{E5A24A91-9778-4380-8E07-67D95C4FB11C}.Release|Any CPU.Build.0 = Release|Any CPU
	EndGlobalSection
	GlobalSection(SolutionProperties) = preSolution
		HideSolutionNode = FALSE
	EndGlobalSection
	GlobalSection(ExtensibilityGlobals) = postSolution
		SolutionGuid = {34F8682A-8421-400B-806C-368A3A6A263B}
	EndGlobalSection
EndGlobal
