
Microsoft Visual Studio Solution File, Format Version 12.00
# Visual Studio Version 17
VisualStudioVersion = 17.3.32819.101
MinimumVisualStudioVersion = 10.0.40219.1
Project("{FAE04EC0-301F-11D3-BF4B-00C04F79EFBC}") = "效率神器", "效率神器\效率神器.csproj", "{6BEB585A-7903-499C-9905-845A926CD42D}"
EndProject
Project("{FAE04EC0-301F-11D3-BF4B-00C04F79EFBC}") = "MyCode", "MyCode\MyCode.csproj", "{C36480BF-5F90-411A-B7FB-353A0CCADBDB}"
EndProject
Project("{FAE04EC0-301F-11D3-BF4B-00C04F79EFBC}") = "SourceGenerater", "SourceGenerater\SourceGenerater.csproj", "{A093F829-7CC2-47DA-994C-70A40B92E340}"
EndProject
Global
	GlobalSection(SolutionConfigurationPlatforms) = preSolution
		Debug|Any CPU = Debug|Any CPU
		Release|Any CPU = Release|Any CPU
	EndGlobalSection
	GlobalSection(ProjectConfigurationPlatforms) = postSolution
		{6BEB585A-7903-499C-9905-845A926CD42D}.Debug|Any CPU.ActiveCfg = Debug|Any CPU
		{6BEB585A-7903-499C-9905-845A926CD42D}.Debug|Any CPU.Build.0 = Debug|Any CPU
		{6BEB585A-7903-499C-9905-845A926CD42D}.Release|Any CPU.ActiveCfg = Release|Any CPU
		{6BEB585A-7903-499C-9905-845A926CD42D}.Release|Any CPU.Build.0 = Release|Any CPU
		{C36480BF-5F90-411A-B7FB-353A0CCADBDB}.Debug|Any CPU.ActiveCfg = Debug|Any CPU
		{C36480BF-5F90-411A-B7FB-353A0CCADBDB}.Debug|Any CPU.Build.0 = Debug|Any CPU
		{C36480BF-5F90-411A-B7FB-353A0CCADBDB}.Release|Any CPU.ActiveCfg = Release|Any CPU
		{C36480BF-5F90-411A-B7FB-353A0CCADBDB}.Release|Any CPU.Build.0 = Release|Any CPU
		{A093F829-7CC2-47DA-994C-70A40B92E340}.Debug|Any CPU.ActiveCfg = Debug|Any CPU
		{A093F829-7CC2-47DA-994C-70A40B92E340}.Debug|Any CPU.Build.0 = Debug|Any CPU
		{A093F829-7CC2-47DA-994C-70A40B92E340}.Release|Any CPU.ActiveCfg = Release|Any CPU
		{A093F829-7CC2-47DA-994C-70A40B92E340}.Release|Any CPU.Build.0 = Release|Any CPU
	EndGlobalSection
	GlobalSection(SolutionProperties) = preSolution
		HideSolutionNode = FALSE
	EndGlobalSection
	GlobalSection(ExtensibilityGlobals) = postSolution
		SolutionGuid = {B50D7081-BC65-43A3-A144-D6B20BCA26F9}
	EndGlobalSection
EndGlobal
