
Microsoft Visual Studio Solution File, Format Version 12.00
# Visual Studio Version 17
VisualStudioVersion = 17.2.32630.192
MinimumVisualStudioVersion = 10.0.40219.1
Project("{9A19103F-16F7-4668-BE54-9A1E7A4F7556}") = "EFCORE To Docker", "EFCORE To Docker\EFCORE To Docker.csproj", "{D72D3CF1-B535-4EEF-BC6E-F3F71139D4B8}"
EndProject
Project("{2150E333-8FDC-42A3-9474-1A3956D46DE8}") = "SignalR", "SignalR", "{634CB389-9DDD-4578-8584-1555F04CA038}"
EndProject
Project("{9A19103F-16F7-4668-BE54-9A1E7A4F7556}") = "SignalServer", "SignalServer\SignalServer.csproj", "{01EE851C-7451-4DF0-80A6-074CA3F97B5A}"
EndProject
Project("{9A19103F-16F7-4668-BE54-9A1E7A4F7556}") = "SignalClient", "SignalClient\SignalClient.csproj", "{6765A3AF-EE06-4706-8620-E66DA23FEB9F}"
EndProject
Project("{9A19103F-16F7-4668-BE54-9A1E7A4F7556}") = "MD5+数据验证", "JWT\MD5+数据验证.csproj", "{94C8B5E9-62CE-4103-9760-E4A9071DEA56}"
EndProject
Project("{9A19103F-16F7-4668-BE54-9A1E7A4F7556}") = "JWTLearn(身份验证 权限验证)", "JWTLearn\JWTLearn(身份验证 权限验证).csproj", "{0F012F03-8408-454F-B62E-27BCD1EF9A4E}"
EndProject
Project("{9A19103F-16F7-4668-BE54-9A1E7A4F7556}") = "Identity框架", "Identity框架\Identity框架.csproj", "{CA98F1E7-21E0-4A03-976F-A069328DEC8C}"
EndProject
Project("{9A19103F-16F7-4668-BE54-9A1E7A4F7556}") = "使用过滤器实现缓存（内存缓存）", "使用过滤器实现缓存（内存缓存）\使用过滤器实现缓存（内存缓存）.csproj", "{B8B8BB71-E737-48D5-BB12-806A82F7F968}"
EndProject
Project("{2150E333-8FDC-42A3-9474-1A3956D46DE8}") = "DDD实战小DEMO_用户管理系统", "DDD实战小DEMO_用户管理系统", "{D408D040-0E91-48E6-B069-F5F74FE85754}"
EndProject
Project("{9A19103F-16F7-4668-BE54-9A1E7A4F7556}") = "UserManagement.WebAPI", "UserManagement.WebAPI\UserManagement.WebAPI.csproj", "{40EE8A04-22A9-4301-AEFF-1D8470C7E1F0}"
EndProject
Project("{9A19103F-16F7-4668-BE54-9A1E7A4F7556}") = "UserManagement.Domain", "UserManagement.Domain\UserManagement.Domain.csproj", "{50BE5242-2C89-426D-A3A3-28A59597438C}"
EndProject
Project("{2150E333-8FDC-42A3-9474-1A3956D46DE8}") = "DDDLearn", "DDDLearn", "{C7C21AE4-BBFF-4B38-982E-58311D326661}"
EndProject
Project("{9A19103F-16F7-4668-BE54-9A1E7A4F7556}") = "MediatR使用", "MediatR使用\MediatR使用.csproj", "{F3D7E4DD-DC3D-43BE-AC3C-CADDD58A4F25}"
EndProject
Project("{9A19103F-16F7-4668-BE54-9A1E7A4F7556}") = "EFCORE", "EFCORE\EFCORE.csproj", "{71F61BDD-CBF0-4327-9C81-022662672E61}"
EndProject
Project("{9A19103F-16F7-4668-BE54-9A1E7A4F7556}") = "WebApi_NLog用法", "WebApi_NLog用法\WebApi_NLog用法.csproj", "{CE1FCA34-DCC0-46FE-B1A3-C2016B14D6A7}"
EndProject
Project("{9A19103F-16F7-4668-BE54-9A1E7A4F7556}") = "WebAPI_Publish", "WebAPI_Publish\WebAPI_Publish.csproj", "{7E8EDA9B-AB16-49A7-A56B-E02CE0C62FF7}"
EndProject
Project("{9A19103F-16F7-4668-BE54-9A1E7A4F7556}") = "WebAPI的一些约定操作返回类型", "WebAPI的一些约定操作返回类型\WebAPI的一些约定操作返回类型.csproj", "{399310B6-F72B-40C8-9944-9DD0DC4A7B1A}"
EndProject
Project("{FAE04EC0-301F-11D3-BF4B-00C04F79EFBC}") = "IdentityServer", "IdentityServer\IdentityServer.csproj", "{DEED8E41-3B9C-4A1F-B9A3-3ACBAFA01B62}"
EndProject
Project("{FAE04EC0-301F-11D3-BF4B-00C04F79EFBC}") = "跨域", "跨域\跨域.csproj", "{96BAC92B-2AD2-4738-A31B-F44638F3BB73}"
EndProject
Global
	GlobalSection(SolutionConfigurationPlatforms) = preSolution
		Debug|Any CPU = Debug|Any CPU
		Release|Any CPU = Release|Any CPU
	EndGlobalSection
	GlobalSection(ProjectConfigurationPlatforms) = postSolution
		{D72D3CF1-B535-4EEF-BC6E-F3F71139D4B8}.Debug|Any CPU.ActiveCfg = Debug|Any CPU
		{D72D3CF1-B535-4EEF-BC6E-F3F71139D4B8}.Debug|Any CPU.Build.0 = Debug|Any CPU
		{D72D3CF1-B535-4EEF-BC6E-F3F71139D4B8}.Release|Any CPU.ActiveCfg = Release|Any CPU
		{D72D3CF1-B535-4EEF-BC6E-F3F71139D4B8}.Release|Any CPU.Build.0 = Release|Any CPU
		{01EE851C-7451-4DF0-80A6-074CA3F97B5A}.Debug|Any CPU.ActiveCfg = Debug|Any CPU
		{01EE851C-7451-4DF0-80A6-074CA3F97B5A}.Debug|Any CPU.Build.0 = Debug|Any CPU
		{01EE851C-7451-4DF0-80A6-074CA3F97B5A}.Release|Any CPU.ActiveCfg = Release|Any CPU
		{01EE851C-7451-4DF0-80A6-074CA3F97B5A}.Release|Any CPU.Build.0 = Release|Any CPU
		{6765A3AF-EE06-4706-8620-E66DA23FEB9F}.Debug|Any CPU.ActiveCfg = Debug|Any CPU
		{6765A3AF-EE06-4706-8620-E66DA23FEB9F}.Debug|Any CPU.Build.0 = Debug|Any CPU
		{6765A3AF-EE06-4706-8620-E66DA23FEB9F}.Release|Any CPU.ActiveCfg = Release|Any CPU
		{6765A3AF-EE06-4706-8620-E66DA23FEB9F}.Release|Any CPU.Build.0 = Release|Any CPU
		{94C8B5E9-62CE-4103-9760-E4A9071DEA56}.Debug|Any CPU.ActiveCfg = Debug|Any CPU
		{94C8B5E9-62CE-4103-9760-E4A9071DEA56}.Debug|Any CPU.Build.0 = Debug|Any CPU
		{94C8B5E9-62CE-4103-9760-E4A9071DEA56}.Release|Any CPU.ActiveCfg = Release|Any CPU
		{94C8B5E9-62CE-4103-9760-E4A9071DEA56}.Release|Any CPU.Build.0 = Release|Any CPU
		{0F012F03-8408-454F-B62E-27BCD1EF9A4E}.Debug|Any CPU.ActiveCfg = Debug|Any CPU
		{0F012F03-8408-454F-B62E-27BCD1EF9A4E}.Debug|Any CPU.Build.0 = Debug|Any CPU
		{0F012F03-8408-454F-B62E-27BCD1EF9A4E}.Release|Any CPU.ActiveCfg = Release|Any CPU
		{0F012F03-8408-454F-B62E-27BCD1EF9A4E}.Release|Any CPU.Build.0 = Release|Any CPU
		{CA98F1E7-21E0-4A03-976F-A069328DEC8C}.Debug|Any CPU.ActiveCfg = Debug|Any CPU
		{CA98F1E7-21E0-4A03-976F-A069328DEC8C}.Debug|Any CPU.Build.0 = Debug|Any CPU
		{CA98F1E7-21E0-4A03-976F-A069328DEC8C}.Release|Any CPU.ActiveCfg = Release|Any CPU
		{CA98F1E7-21E0-4A03-976F-A069328DEC8C}.Release|Any CPU.Build.0 = Release|Any CPU
		{B8B8BB71-E737-48D5-BB12-806A82F7F968}.Debug|Any CPU.ActiveCfg = Debug|Any CPU
		{B8B8BB71-E737-48D5-BB12-806A82F7F968}.Debug|Any CPU.Build.0 = Debug|Any CPU
		{B8B8BB71-E737-48D5-BB12-806A82F7F968}.Release|Any CPU.ActiveCfg = Release|Any CPU
		{B8B8BB71-E737-48D5-BB12-806A82F7F968}.Release|Any CPU.Build.0 = Release|Any CPU
		{40EE8A04-22A9-4301-AEFF-1D8470C7E1F0}.Debug|Any CPU.ActiveCfg = Debug|Any CPU
		{40EE8A04-22A9-4301-AEFF-1D8470C7E1F0}.Debug|Any CPU.Build.0 = Debug|Any CPU
		{40EE8A04-22A9-4301-AEFF-1D8470C7E1F0}.Release|Any CPU.ActiveCfg = Release|Any CPU
		{40EE8A04-22A9-4301-AEFF-1D8470C7E1F0}.Release|Any CPU.Build.0 = Release|Any CPU
		{50BE5242-2C89-426D-A3A3-28A59597438C}.Debug|Any CPU.ActiveCfg = Debug|Any CPU
		{50BE5242-2C89-426D-A3A3-28A59597438C}.Debug|Any CPU.Build.0 = Debug|Any CPU
		{50BE5242-2C89-426D-A3A3-28A59597438C}.Release|Any CPU.ActiveCfg = Release|Any CPU
		{50BE5242-2C89-426D-A3A3-28A59597438C}.Release|Any CPU.Build.0 = Release|Any CPU
		{F3D7E4DD-DC3D-43BE-AC3C-CADDD58A4F25}.Debug|Any CPU.ActiveCfg = Debug|Any CPU
		{F3D7E4DD-DC3D-43BE-AC3C-CADDD58A4F25}.Debug|Any CPU.Build.0 = Debug|Any CPU
		{F3D7E4DD-DC3D-43BE-AC3C-CADDD58A4F25}.Release|Any CPU.ActiveCfg = Release|Any CPU
		{F3D7E4DD-DC3D-43BE-AC3C-CADDD58A4F25}.Release|Any CPU.Build.0 = Release|Any CPU
		{71F61BDD-CBF0-4327-9C81-022662672E61}.Debug|Any CPU.ActiveCfg = Debug|Any CPU
		{71F61BDD-CBF0-4327-9C81-022662672E61}.Debug|Any CPU.Build.0 = Debug|Any CPU
		{71F61BDD-CBF0-4327-9C81-022662672E61}.Release|Any CPU.ActiveCfg = Release|Any CPU
		{71F61BDD-CBF0-4327-9C81-022662672E61}.Release|Any CPU.Build.0 = Release|Any CPU
		{CE1FCA34-DCC0-46FE-B1A3-C2016B14D6A7}.Debug|Any CPU.ActiveCfg = Debug|Any CPU
		{CE1FCA34-DCC0-46FE-B1A3-C2016B14D6A7}.Debug|Any CPU.Build.0 = Debug|Any CPU
		{CE1FCA34-DCC0-46FE-B1A3-C2016B14D6A7}.Release|Any CPU.ActiveCfg = Release|Any CPU
		{CE1FCA34-DCC0-46FE-B1A3-C2016B14D6A7}.Release|Any CPU.Build.0 = Release|Any CPU
		{7E8EDA9B-AB16-49A7-A56B-E02CE0C62FF7}.Debug|Any CPU.ActiveCfg = Debug|Any CPU
		{7E8EDA9B-AB16-49A7-A56B-E02CE0C62FF7}.Debug|Any CPU.Build.0 = Debug|Any CPU
		{7E8EDA9B-AB16-49A7-A56B-E02CE0C62FF7}.Release|Any CPU.ActiveCfg = Release|Any CPU
		{7E8EDA9B-AB16-49A7-A56B-E02CE0C62FF7}.Release|Any CPU.Build.0 = Release|Any CPU
		{399310B6-F72B-40C8-9944-9DD0DC4A7B1A}.Debug|Any CPU.ActiveCfg = Debug|Any CPU
		{399310B6-F72B-40C8-9944-9DD0DC4A7B1A}.Debug|Any CPU.Build.0 = Debug|Any CPU
		{399310B6-F72B-40C8-9944-9DD0DC4A7B1A}.Release|Any CPU.ActiveCfg = Release|Any CPU
		{399310B6-F72B-40C8-9944-9DD0DC4A7B1A}.Release|Any CPU.Build.0 = Release|Any CPU
		{DEED8E41-3B9C-4A1F-B9A3-3ACBAFA01B62}.Debug|Any CPU.ActiveCfg = Debug|Any CPU
		{DEED8E41-3B9C-4A1F-B9A3-3ACBAFA01B62}.Debug|Any CPU.Build.0 = Debug|Any CPU
		{DEED8E41-3B9C-4A1F-B9A3-3ACBAFA01B62}.Release|Any CPU.ActiveCfg = Release|Any CPU
		{DEED8E41-3B9C-4A1F-B9A3-3ACBAFA01B62}.Release|Any CPU.Build.0 = Release|Any CPU
		{96BAC92B-2AD2-4738-A31B-F44638F3BB73}.Debug|Any CPU.ActiveCfg = Debug|Any CPU
		{96BAC92B-2AD2-4738-A31B-F44638F3BB73}.Debug|Any CPU.Build.0 = Debug|Any CPU
		{96BAC92B-2AD2-4738-A31B-F44638F3BB73}.Release|Any CPU.ActiveCfg = Release|Any CPU
		{96BAC92B-2AD2-4738-A31B-F44638F3BB73}.Release|Any CPU.Build.0 = Release|Any CPU
	EndGlobalSection
	GlobalSection(SolutionProperties) = preSolution
		HideSolutionNode = FALSE
	EndGlobalSection
	GlobalSection(NestedProjects) = preSolution
		{01EE851C-7451-4DF0-80A6-074CA3F97B5A} = {634CB389-9DDD-4578-8584-1555F04CA038}
		{6765A3AF-EE06-4706-8620-E66DA23FEB9F} = {634CB389-9DDD-4578-8584-1555F04CA038}
		{40EE8A04-22A9-4301-AEFF-1D8470C7E1F0} = {D408D040-0E91-48E6-B069-F5F74FE85754}
		{50BE5242-2C89-426D-A3A3-28A59597438C} = {D408D040-0E91-48E6-B069-F5F74FE85754}
		{F3D7E4DD-DC3D-43BE-AC3C-CADDD58A4F25} = {C7C21AE4-BBFF-4B38-982E-58311D326661}
	EndGlobalSection
	GlobalSection(ExtensibilityGlobals) = postSolution
		SolutionGuid = {C320CDBC-9A06-461A-B425-C0D88A48E570}
	EndGlobalSection
EndGlobal
