
Microsoft Visual Studio Solution File, Format Version 12.00
# Visual Studio Version 17
VisualStudioVersion = 17.3.32819.101
MinimumVisualStudioVersion = 10.0.40219.1
Project("{FAE04EC0-301F-11D3-BF4B-00C04F79EFBC}") = "LightAbp", "LightAbp\LightAbp.csproj", "{ADDB1277-314E-4A19-BEC7-E10878AC5642}"
EndProject
Global
	GlobalSection(SolutionConfigurationPlatforms) = preSolution
		Debug|Any CPU = Debug|Any CPU
		Release|Any CPU = Release|Any CPU
	EndGlobalSection
	GlobalSection(ProjectConfigurationPlatforms) = postSolution
		{ADDB1277-314E-4A19-BEC7-E10878AC5642}.Debug|Any CPU.ActiveCfg = Debug|Any CPU
		{ADDB1277-314E-4A19-BEC7-E10878AC5642}.Debug|Any CPU.Build.0 = Debug|Any CPU
		{ADDB1277-314E-4A19-BEC7-E10878AC5642}.Release|Any CPU.ActiveCfg = Release|Any CPU
		{ADDB1277-314E-4A19-BEC7-E10878AC5642}.Release|Any CPU.Build.0 = Release|Any CPU
	EndGlobalSection
	GlobalSection(SolutionProperties) = preSolution
		HideSolutionNode = FALSE
	EndGlobalSection
	GlobalSection(ExtensibilityGlobals) = postSolution
		SolutionGuid = {69DFA105-6388-4664-B7CD-5D93F10168E5}
	EndGlobalSection
EndGlobal
