
Microsoft Visual Studio Solution File, Format Version 12.00
# Visual Studio Version 17
VisualStudioVersion = 17.2.32630.192
MinimumVisualStudioVersion = 10.0.40219.1
Project("{FAE04EC0-301F-11D3-BF4B-00C04F79EFBC}") = "特性", "特性\特性.csproj", "{ED6CE149-FD8D-4A17-B45C-9ABB2B85269A}"
EndProject
Project("{FAE04EC0-301F-11D3-BF4B-00C04F79EFBC}") = "Linq", "Linq\Linq.csproj", "{8EC6D812-91AF-49C6-9178-4921246C12DA}"
EndProject
Global
	GlobalSection(SolutionConfigurationPlatforms) = preSolution
		Debug|Any CPU = Debug|Any CPU
		Release|Any CPU = Release|Any CPU
	EndGlobalSection
	GlobalSection(ProjectConfigurationPlatforms) = postSolution
		{ED6CE149-FD8D-4A17-B45C-9ABB2B85269A}.Debug|Any CPU.ActiveCfg = Debug|Any CPU
		{ED6CE149-FD8D-4A17-B45C-9ABB2B85269A}.Debug|Any CPU.Build.0 = Debug|Any CPU
		{ED6CE149-FD8D-4A17-B45C-9ABB2B85269A}.Release|Any CPU.ActiveCfg = Release|Any CPU
		{ED6CE149-FD8D-4A17-B45C-9ABB2B85269A}.Release|Any CPU.Build.0 = Release|Any CPU
		{8EC6D812-91AF-49C6-9178-4921246C12DA}.Debug|Any CPU.ActiveCfg = Debug|Any CPU
		{8EC6D812-91AF-49C6-9178-4921246C12DA}.Debug|Any CPU.Build.0 = Debug|Any CPU
		{8EC6D812-91AF-49C6-9178-4921246C12DA}.Release|Any CPU.ActiveCfg = Release|Any CPU
		{8EC6D812-91AF-49C6-9178-4921246C12DA}.Release|Any CPU.Build.0 = Release|Any CPU
	EndGlobalSection
	GlobalSection(SolutionProperties) = preSolution
		HideSolutionNode = FALSE
	EndGlobalSection
	GlobalSection(ExtensibilityGlobals) = postSolution
		SolutionGuid = {52F67CC7-5CDF-40EA-8523-952A4E9FBED6}
	EndGlobalSection
EndGlobal
