
Microsoft Visual Studio Solution File, Format Version 12.00
# Visual Studio Version 17
VisualStudioVersion = 17.3.32819.101
MinimumVisualStudioVersion = 10.0.40219.1
Project("{FAE04EC0-301F-11D3-BF4B-00C04F79EFBC}") = "K8sLearn", "K8sLearn\K8sLearn.csproj", "{DB78399B-A565-4ED5-8E1F-ECA4E549C702}"
EndProject
Global
	GlobalSection(SolutionConfigurationPlatforms) = preSolution
		Debug|Any CPU = Debug|Any CPU
		Release|Any CPU = Release|Any CPU
	EndGlobalSection
	GlobalSection(ProjectConfigurationPlatforms) = postSolution
		{DB78399B-A565-4ED5-8E1F-ECA4E549C702}.Debug|Any CPU.ActiveCfg = Debug|Any CPU
		{DB78399B-A565-4ED5-8E1F-ECA4E549C702}.Debug|Any CPU.Build.0 = Debug|Any CPU
		{DB78399B-A565-4ED5-8E1F-ECA4E549C702}.Release|Any CPU.ActiveCfg = Release|Any CPU
		{DB78399B-A565-4ED5-8E1F-ECA4E549C702}.Release|Any CPU.Build.0 = Release|Any CPU
	EndGlobalSection
	GlobalSection(SolutionProperties) = preSolution
		HideSolutionNode = FALSE
	EndGlobalSection
	GlobalSection(ExtensibilityGlobals) = postSolution
		SolutionGuid = {17EB9D11-89F7-4446-89AD-6B10C420DE21}
	EndGlobalSection
EndGlobal
