
Microsoft Visual Studio Solution File, Format Version 12.00
# Visual Studio Version 17
VisualStudioVersion = 17.3.32819.101
MinimumVisualStudioVersion = 10.0.40219.1
Project("{FAE04EC0-301F-11D3-BF4B-00C04F79EFBC}") = "WebApplication1", "WebApplication1\WebApplication1.csproj", "{6EC7D4E2-38CB-44FB-A816-697872966910}"
EndProject
Global
	GlobalSection(SolutionConfigurationPlatforms) = preSolution
		Debug|Any CPU = Debug|Any CPU
		Release|Any CPU = Release|Any CPU
	EndGlobalSection
	GlobalSection(ProjectConfigurationPlatforms) = postSolution
		{6EC7D4E2-38CB-44FB-A816-697872966910}.Debug|Any CPU.ActiveCfg = Debug|Any CPU
		{6EC7D4E2-38CB-44FB-A816-697872966910}.Debug|Any CPU.Build.0 = Debug|Any CPU
		{6EC7D4E2-38CB-44FB-A816-697872966910}.Release|Any CPU.ActiveCfg = Release|Any CPU
		{6EC7D4E2-38CB-44FB-A816-697872966910}.Release|Any CPU.Build.0 = Release|Any CPU
	EndGlobalSection
	GlobalSection(SolutionProperties) = preSolution
		HideSolutionNode = FALSE
	EndGlobalSection
	GlobalSection(ExtensibilityGlobals) = postSolution
		SolutionGuid = {D83EBC16-ED3F-437E-A6A6-4ABADB1F7EAA}
	EndGlobalSection
EndGlobal
