
Microsoft Visual Studio Solution File, Format Version 12.00
# Visual Studio Version 17
VisualStudioVersion = 17.3.32819.101
MinimumVisualStudioVersion = 10.0.40219.1
Project("{FAE04EC0-301F-11D3-BF4B-00C04F79EFBC}") = "Dto_autemapper_redis", "Dto_autemapper_redis\Dto_autemapper_redis.csproj", "{ED4EE544-5E31-449D-9E83-F72FD2E55EFA}"
EndProject
Global
	GlobalSection(SolutionConfigurationPlatforms) = preSolution
		Debug|Any CPU = Debug|Any CPU
		Release|Any CPU = Release|Any CPU
	EndGlobalSection
	GlobalSection(ProjectConfigurationPlatforms) = postSolution
		{ED4EE544-5E31-449D-9E83-F72FD2E55EFA}.Debug|Any CPU.ActiveCfg = Debug|Any CPU
		{ED4EE544-5E31-449D-9E83-F72FD2E55EFA}.Debug|Any CPU.Build.0 = Debug|Any CPU
		{ED4EE544-5E31-449D-9E83-F72FD2E55EFA}.Release|Any CPU.ActiveCfg = Release|Any CPU
		{ED4EE544-5E31-449D-9E83-F72FD2E55EFA}.Release|Any CPU.Build.0 = Release|Any CPU
	EndGlobalSection
	GlobalSection(SolutionProperties) = preSolution
		HideSolutionNode = FALSE
	EndGlobalSection
	GlobalSection(ExtensibilityGlobals) = postSolution
		SolutionGuid = {AB55AC23-E458-453D-9959-D9AFF74507EF}
	EndGlobalSection
EndGlobal
