
Microsoft Visual Studio Solution File, Format Version 12.00
# Visual Studio Version 17
VisualStudioVersion = 17.2.32630.192
MinimumVisualStudioVersion = 10.0.40219.1
Project("{FAE04EC0-301F-11D3-BF4B-00C04F79EFBC}") = "PrismWPFLearn", "PrismWPFLearn\PrismWPFLearn.csproj", "{C64956BE-B23D-4E57-8203-CCAC0091BB6E}"
EndProject
Global
	GlobalSection(SolutionConfigurationPlatforms) = preSolution
		Debug|Any CPU = Debug|Any CPU
		Release|Any CPU = Release|Any CPU
	EndGlobalSection
	GlobalSection(ProjectConfigurationPlatforms) = postSolution
		{C64956BE-B23D-4E57-8203-CCAC0091BB6E}.Debug|Any CPU.ActiveCfg = Debug|Any CPU
		{C64956BE-B23D-4E57-8203-CCAC0091BB6E}.Debug|Any CPU.Build.0 = Debug|Any CPU
		{C64956BE-B23D-4E57-8203-CCAC0091BB6E}.Release|Any CPU.ActiveCfg = Release|Any CPU
		{C64956BE-B23D-4E57-8203-CCAC0091BB6E}.Release|Any CPU.Build.0 = Release|Any CPU
	EndGlobalSection
	GlobalSection(SolutionProperties) = preSolution
		HideSolutionNode = FALSE
	EndGlobalSection
	GlobalSection(ExtensibilityGlobals) = postSolution
		SolutionGuid = {120D73B4-F5EB-4031-A20C-87772BFE338C}
	EndGlobalSection
EndGlobal
